
Microsoft Visual Studio Solution File, Format Version 12.00
# Visual Studio Version 17
VisualStudioVersion = 17.0.31903.59
MinimumVisualStudioVersion = 10.0.40219.1
Project("{2150E333-8FDC-42A3-9474-1A3956D46DE8}") = "HopSkills.BackOffice", "HopSkills.BackOffice", "{909CFF33-8D50-4519-8639-51AE8C0E40AA}"
EndProject
Project("{9A19103F-16F7-4668-BE54-9A1E7A4F7556}") = "HopSkills.BackOffice", "HopSkills.BackOffice\HopSkills.BackOffice\HopSkills.BackOffice.csproj", "{07A4E73E-BEED-4A4D-BF7E-2CD007A3EF6D}"
EndProject
Project("{9A19103F-16F7-4668-BE54-9A1E7A4F7556}") = "HopSkills.BackOffice.Client", "HopSkills.BackOffice\HopSkills.BackOffice.Client\HopSkills.BackOffice.Client.csproj", "{A0C4A1F8-86AF-48ED-B7CD-23252B719C8F}"
EndProject
Project("{2150E333-8FDC-42A3-9474-1A3956D46DE8}") = "HopSkills.BO.Plugins", "HopSkills.BO.Plugins", "{31CDF3D4-45D1-4E6E-8013-38DAFABDDD59}"
EndProject
Project("{2150E333-8FDC-42A3-9474-1A3956D46DE8}") = "HopSkills.BO.Web.Modules", "HopSkills.BO.Web.Modules", "{142DB6CD-93FF-49C3-9678-0B9030409769}"
EndProject
Project("{FAE04EC0-301F-11D3-BF4B-00C04F79EFBC}") = "HopSkills.BO.CoreBusiness", "HopSkills.BO.CoreBusiness\HopSkills.BO.CoreBusiness.csproj", "{82943034-5E97-4088-81F5-F79559FFA9CF}"
EndProject
Project("{FAE04EC0-301F-11D3-BF4B-00C04F79EFBC}") = "HopSkills.BO.UseCases", "HopSkills.BO.UseCases\HopSkills.BO.UseCases.csproj", "{27E0E782-BB07-4DF8-BFCE-12856502A86D}"
EndProject
Project("{FAE04EC0-301F-11D3-BF4B-00C04F79EFBC}") = "HopSkills.BO.Plugins.InMemory", "HopSkills.BO.Plugins\HopSkills.BO.Plugins.InMemory\HopSkills.BO.Plugins.InMemory.csproj", "{7AAC21E2-0127-4034-9EF4-D62CCC47A109}"
EndProject
Global
	GlobalSection(SolutionConfigurationPlatforms) = preSolution
		Debug|Any CPU = Debug|Any CPU
		Release|Any CPU = Release|Any CPU
	EndGlobalSection
	GlobalSection(ProjectConfigurationPlatforms) = postSolution
		{07A4E73E-BEED-4A4D-BF7E-2CD007A3EF6D}.Debug|Any CPU.ActiveCfg = Debug|Any CPU
		{07A4E73E-BEED-4A4D-BF7E-2CD007A3EF6D}.Debug|Any CPU.Build.0 = Debug|Any CPU
		{07A4E73E-BEED-4A4D-BF7E-2CD007A3EF6D}.Release|Any CPU.ActiveCfg = Release|Any CPU
		{07A4E73E-BEED-4A4D-BF7E-2CD007A3EF6D}.Release|Any CPU.Build.0 = Release|Any CPU
		{A0C4A1F8-86AF-48ED-B7CD-23252B719C8F}.Debug|Any CPU.ActiveCfg = Debug|Any CPU
		{A0C4A1F8-86AF-48ED-B7CD-23252B719C8F}.Debug|Any CPU.Build.0 = Debug|Any CPU
		{A0C4A1F8-86AF-48ED-B7CD-23252B719C8F}.Release|Any CPU.ActiveCfg = Release|Any CPU
		{A0C4A1F8-86AF-48ED-B7CD-23252B719C8F}.Release|Any CPU.Build.0 = Release|Any CPU
		{82943034-5E97-4088-81F5-F79559FFA9CF}.Debug|Any CPU.ActiveCfg = Debug|Any CPU
		{82943034-5E97-4088-81F5-F79559FFA9CF}.Debug|Any CPU.Build.0 = Debug|Any CPU
		{82943034-5E97-4088-81F5-F79559FFA9CF}.Release|Any CPU.ActiveCfg = Release|Any CPU
		{82943034-5E97-4088-81F5-F79559FFA9CF}.Release|Any CPU.Build.0 = Release|Any CPU
		{27E0E782-BB07-4DF8-BFCE-12856502A86D}.Debug|Any CPU.ActiveCfg = Debug|Any CPU
		{27E0E782-BB07-4DF8-BFCE-12856502A86D}.Debug|Any CPU.Build.0 = Debug|Any CPU
		{27E0E782-BB07-4DF8-BFCE-12856502A86D}.Release|Any CPU.ActiveCfg = Release|Any CPU
		{27E0E782-BB07-4DF8-BFCE-12856502A86D}.Release|Any CPU.Build.0 = Release|Any CPU
		{7AAC21E2-0127-4034-9EF4-D62CCC47A109}.Debug|Any CPU.ActiveCfg = Debug|Any CPU
		{7AAC21E2-0127-4034-9EF4-D62CCC47A109}.Debug|Any CPU.Build.0 = Debug|Any CPU
		{7AAC21E2-0127-4034-9EF4-D62CCC47A109}.Release|Any CPU.ActiveCfg = Release|Any CPU
		{7AAC21E2-0127-4034-9EF4-D62CCC47A109}.Release|Any CPU.Build.0 = Release|Any CPU
	EndGlobalSection
	GlobalSection(SolutionProperties) = preSolution
		HideSolutionNode = FALSE
	EndGlobalSection
	GlobalSection(NestedProjects) = preSolution
		{07A4E73E-BEED-4A4D-BF7E-2CD007A3EF6D} = {909CFF33-8D50-4519-8639-51AE8C0E40AA}
		{A0C4A1F8-86AF-48ED-B7CD-23252B719C8F} = {909CFF33-8D50-4519-8639-51AE8C0E40AA}
		{7AAC21E2-0127-4034-9EF4-D62CCC47A109} = {31CDF3D4-45D1-4E6E-8013-38DAFABDDD59}
	EndGlobalSection
	GlobalSection(ExtensibilityGlobals) = postSolution
		SolutionGuid = {A927D02E-3EE2-44CF-B075-D6121116AA69}
	EndGlobalSection
EndGlobal
